
Microsoft Visual Studio Solution File, Format Version 12.00
# Visual Studio 15
VisualStudioVersion = 15.0.27004.2002
MinimumVisualStudioVersion = 10.0.40219.1
Project("{8BC9CEB8-8B4A-11D0-8D11-00A0C91BC942}") = "My_003_shader", "My_003_shader\My_003_shader.vcxproj", "{8C7BB0BB-9F4E-4645-BDDC-8DEE7B435CF4}"
EndProject
Global
	GlobalSection(SolutionConfigurationPlatforms) = preSolution
		Debug|x64 = Debug|x64
		Debug|x86 = Debug|x86
		my|x64 = my|x64
		my|x86 = my|x86
		Release|x64 = Release|x64
		Release|x86 = Release|x86
	EndGlobalSection
	GlobalSection(ProjectConfigurationPlatforms) = postSolution
		{8C7BB0BB-9F4E-4645-BDDC-8DEE7B435CF4}.Debug|x64.ActiveCfg = Debug|x64
		{8C7BB0BB-9F4E-4645-BDDC-8DEE7B435CF4}.Debug|x64.Build.0 = Debug|x64
		{8C7BB0BB-9F4E-4645-BDDC-8DEE7B435CF4}.Debug|x86.ActiveCfg = Debug|Win32
		{8C7BB0BB-9F4E-4645-BDDC-8DEE7B435CF4}.Debug|x86.Build.0 = Debug|Win32
		{8C7BB0BB-9F4E-4645-BDDC-8DEE7B435CF4}.my|x64.ActiveCfg = my|x64
		{8C7BB0BB-9F4E-4645-BDDC-8DEE7B435CF4}.my|x64.Build.0 = my|x64
		{8C7BB0BB-9F4E-4645-BDDC-8DEE7B435CF4}.my|x86.ActiveCfg = my|Win32
		{8C7BB0BB-9F4E-4645-BDDC-8DEE7B435CF4}.my|x86.Build.0 = my|Win32
		{8C7BB0BB-9F4E-4645-BDDC-8DEE7B435CF4}.Release|x64.ActiveCfg = Release|x64
		{8C7BB0BB-9F4E-4645-BDDC-8DEE7B435CF4}.Release|x64.Build.0 = Release|x64
		{8C7BB0BB-9F4E-4645-BDDC-8DEE7B435CF4}.Release|x86.ActiveCfg = Release|Win32
		{8C7BB0BB-9F4E-4645-BDDC-8DEE7B435CF4}.Release|x86.Build.0 = Release|Win32
	EndGlobalSection
	GlobalSection(SolutionProperties) = preSolution
		HideSolutionNode = FALSE
	EndGlobalSection
	GlobalSection(ExtensibilityGlobals) = postSolution
		SolutionGuid = {BBD996AD-F9E7-4956-9FD9-88478EABA4E6}
	EndGlobalSection
EndGlobal
